
Microsoft Visual Studio Solution File, Format Version 12.00
# Visual Studio Version 17
VisualStudioVersion = 17.4.33213.308
MinimumVisualStudioVersion = 10.0.40219.1
Project("{FAE04EC0-301F-11D3-BF4B-00C04F79EFBC}") = "Lab13Main", "Lab13Main\Lab13Main.csproj", "{A25146AE-65FD-4BCB-AC45-CF59EE2391C2}"
EndProject
Global
	GlobalSection(SolutionConfigurationPlatforms) = preSolution
		Debug|Any CPU = Debug|Any CPU
		Release|Any CPU = Release|Any CPU
	EndGlobalSection
	GlobalSection(ProjectConfigurationPlatforms) = postSolution
		{A25146AE-65FD-4BCB-AC45-CF59EE2391C2}.Debug|Any CPU.ActiveCfg = Debug|Any CPU
		{A25146AE-65FD-4BCB-AC45-CF59EE2391C2}.Debug|Any CPU.Build.0 = Debug|Any CPU
		{A25146AE-65FD-4BCB-AC45-CF59EE2391C2}.Release|Any CPU.ActiveCfg = Release|Any CPU
		{A25146AE-65FD-4BCB-AC45-CF59EE2391C2}.Release|Any CPU.Build.0 = Release|Any CPU
	EndGlobalSection
	GlobalSection(SolutionProperties) = preSolution
		HideSolutionNode = FALSE
	EndGlobalSection
	GlobalSection(ExtensibilityGlobals) = postSolution
		SolutionGuid = {15CA212E-615B-4C77-BCDC-EF7C8E5D2A91}
	EndGlobalSection
EndGlobal
